
Microsoft Visual Studio Solution File, Format Version 12.00
# Visual Studio Version 17
VisualStudioVersion = 17.4.33205.214
MinimumVisualStudioVersion = 10.0.40219.1
Project("{FAE04EC0-301F-11D3-BF4B-00C04F79EFBC}") = "ContactsWebApi", "ContactsWebApi\ContactsWebApi.csproj", "{33DEFC9C-7409-4C2F-B12D-0E20BEEFECED}"
EndProject
Global
	GlobalSection(SolutionConfigurationPlatforms) = preSolution
		Debug|Any CPU = Debug|Any CPU
		Release|Any CPU = Release|Any CPU
	EndGlobalSection
	GlobalSection(ProjectConfigurationPlatforms) = postSolution
		{33DEFC9C-7409-4C2F-B12D-0E20BEEFECED}.Debug|Any CPU.ActiveCfg = Debug|Any CPU
		{33DEFC9C-7409-4C2F-B12D-0E20BEEFECED}.Debug|Any CPU.Build.0 = Debug|Any CPU
		{33DEFC9C-7409-4C2F-B12D-0E20BEEFECED}.Release|Any CPU.ActiveCfg = Release|Any CPU
		{33DEFC9C-7409-4C2F-B12D-0E20BEEFECED}.Release|Any CPU.Build.0 = Release|Any CPU
	EndGlobalSection
	GlobalSection(SolutionProperties) = preSolution
		HideSolutionNode = FALSE
	EndGlobalSection
	GlobalSection(ExtensibilityGlobals) = postSolution
		SolutionGuid = {1726D567-6CD0-4F4E-9449-B5962A5D8B17}
	EndGlobalSection
EndGlobal
